{
    "_readme": [
        "This file locks the dependencies of your project to a known state",
        "Read more about it at https://getcomposer.org/doc/01-basic-usage.md#installing-dependencies",
        "This file is @generated automatically"
    ],
    "content-hash": "46c048bb9cb7ccdd76613e9bdb1a224f",
    "packages": [
        {
            "name": "dejurin/php-google-translate-for-free",
            "version": "1.0.0",
            "source": {
                "type": "git",
                "url": "https://github.com/dejurin/php-google-translate-for-free.git",
                "reference": "db5e3d0ac66e711dc41ed59618595aa3e3a7e475"
            },
            "dist": {
                "type": "zip",
                "url": "https://api.github.com/repos/dejurin/php-google-translate-for-free/zipball/db5e3d0ac66e711dc41ed59618595aa3e3a7e475",
                "reference": "db5e3d0ac66e711dc41ed59618595aa3e3a7e475",
                "shasum": ""
            },
            "require": {
                "php": ">=5.4"
            },
            "type": "library",
            "autoload": {
                "psr-4": {
                    "Dejurin\\": "src/"
                }
            },
            "notification-url": "https://packagist.org/downloads/",
            "license": [
                "GPL-3.0+"
            ],
            "description": "Library for free use Google Translator. With attempts connecting on failure and array support.",
            "homepage": "https://github.com/dejurin/php-google-translate-for-free",
            "keywords": [
                "api",
                "free",
                "google",
                "translate",
                "translator"
            ],
            "time": "2018-03-02T19:36:37+00:00"
        },
        {
            "name": "maxakawizard/po-parser",
            "version": "1.2.1",
            "source": {
                "type": "git",
                "url": "https://github.com/MAXakaWIZARD/PoParser.git",
                "reference": "6762c1ef4e0fe0a42ecf61d567cb3a42b885adcb"
            },
            "dist": {
                "type": "zip",
                "url": "https://api.github.com/repos/MAXakaWIZARD/PoParser/zipball/6762c1ef4e0fe0a42ecf61d567cb3a42b885adcb",
                "reference": "6762c1ef4e0fe0a42ecf61d567cb3a42b885adcb",
                "shasum": ""
            },
            "require": {
                "php": ">=5.3.0"
            },
            "require-dev": {
                "satooshi/php-coveralls": "dev-master"
            },
            "type": "library",
            "autoload": {
                "psr-4": {
                    "PoParser\\": "src/"
                }
            },
            "notification-url": "https://packagist.org/downloads/",
            "license": [
                "MIT"
            ],
            "authors": [
                {
                    "name": "Max Grigorian",
                    "email": "maxakawizard@gmail.com"
                }
            ],
            "description": "Gettext *.po parser for PHP",
            "homepage": "http://github.com/MAXakaWIZARD/PoParser",
            "keywords": [
                "gettext",
                "i18n",
                "l10n",
                "po"
            ],
            "time": "2015-11-10T23:37:53+00:00"
        }
    ],
    "packages-dev": [],
    "aliases": [],
    "minimum-stability": "stable",
    "stability-flags": [],
    "prefer-stable": false,
    "prefer-lowest": false,
    "platform": [],
    "platform-dev": []
}
